
Microsoft Visual Studio Solution File, Format Version 12.00
# Visual Studio Version 17
VisualStudioVersion = 17.8.34322.80
MinimumVisualStudioVersion = 10.0.40219.1
Project("{FAE04EC0-301F-11D3-BF4B-00C04F79EFBC}") = "BlazorAppReactiveExtensions.Server", "BlazorAppReactiveExtensions\Server\BlazorAppReactiveExtensions.Server.csproj", "{4AC7F07B-6CC1-49A5-9C72-D0CEFB4FF121}"
EndProject
Project("{FAE04EC0-301F-11D3-BF4B-00C04F79EFBC}") = "BlazorAppReactiveExtensions.Client", "BlazorAppReactiveExtensions\Client\BlazorAppReactiveExtensions.Client.csproj", "{E2DFAA2F-E53D-4F39-BF20-42EC9A64B52D}"
EndProject
Project("{FAE04EC0-301F-11D3-BF4B-00C04F79EFBC}") = "BlazorAppReactiveExtensions.Shared", "BlazorAppReactiveExtensions\Shared\BlazorAppReactiveExtensions.Shared.csproj", "{32A98856-3854-41D7-B3EF-211B43798F0E}"
EndProject
Global
	GlobalSection(SolutionConfigurationPlatforms) = preSolution
		Debug|Any CPU = Debug|Any CPU
		Release|Any CPU = Release|Any CPU
	EndGlobalSection
	GlobalSection(ProjectConfigurationPlatforms) = postSolution
		{4AC7F07B-6CC1-49A5-9C72-D0CEFB4FF121}.Debug|Any CPU.ActiveCfg = Debug|Any CPU
		{4AC7F07B-6CC1-49A5-9C72-D0CEFB4FF121}.Debug|Any CPU.Build.0 = Debug|Any CPU
		{4AC7F07B-6CC1-49A5-9C72-D0CEFB4FF121}.Release|Any CPU.ActiveCfg = Release|Any CPU
		{4AC7F07B-6CC1-49A5-9C72-D0CEFB4FF121}.Release|Any CPU.Build.0 = Release|Any CPU
		{E2DFAA2F-E53D-4F39-BF20-42EC9A64B52D}.Debug|Any CPU.ActiveCfg = Debug|Any CPU
		{E2DFAA2F-E53D-4F39-BF20-42EC9A64B52D}.Debug|Any CPU.Build.0 = Debug|Any CPU
		{E2DFAA2F-E53D-4F39-BF20-42EC9A64B52D}.Release|Any CPU.ActiveCfg = Release|Any CPU
		{E2DFAA2F-E53D-4F39-BF20-42EC9A64B52D}.Release|Any CPU.Build.0 = Release|Any CPU
		{32A98856-3854-41D7-B3EF-211B43798F0E}.Debug|Any CPU.ActiveCfg = Debug|Any CPU
		{32A98856-3854-41D7-B3EF-211B43798F0E}.Debug|Any CPU.Build.0 = Debug|Any CPU
		{32A98856-3854-41D7-B3EF-211B43798F0E}.Release|Any CPU.ActiveCfg = Release|Any CPU
		{32A98856-3854-41D7-B3EF-211B43798F0E}.Release|Any CPU.Build.0 = Release|Any CPU
	EndGlobalSection
	GlobalSection(SolutionProperties) = preSolution
		HideSolutionNode = FALSE
	EndGlobalSection
	GlobalSection(ExtensibilityGlobals) = postSolution
		SolutionGuid = {3A2BE147-0AC7-4EFC-B4A4-C35581781DAB}
	EndGlobalSection
EndGlobal
